
Microsoft Visual Studio Solution File, Format Version 10.00
# Visual Studio 2008
Project("{FAE04EC0-301F-11D3-BF4B-00C04F79EFBC}") = "PathFinding", "PathFinding.csproj", "{A26FF93B-C7DC-42C2-8B3F-80ECBE3DE3F0}"
EndProject
Project("{FAE04EC0-301F-11D3-BF4B-00C04F79EFBC}") = "PathFindingTest", "PathFindingTest\PathFindingTest.csproj", "{BECAED0D-3F1C-4733-8E96-5A528E223C5C}"
EndProject
Project("{2150E333-8FDC-42A3-9474-1A3956D46DE8}") = "Solution Items", "Solution Items", "{F2E678AB-E8F7-4FD8-86FE-58E52B4FDE2B}"
	ProjectSection(SolutionItems) = preProject
		LocalTestRun.testrunconfig = LocalTestRun.testrunconfig
		PathFinding.vsmdi = PathFinding.vsmdi
		PathFinding1.vsmdi = PathFinding1.vsmdi
		PathFinding10.vsmdi = PathFinding10.vsmdi
		PathFinding12.vsmdi = PathFinding12.vsmdi
		PathFinding2.vsmdi = PathFinding2.vsmdi
		PathFinding3.vsmdi = PathFinding3.vsmdi
		PathFinding4.vsmdi = PathFinding4.vsmdi
		PathFinding5.vsmdi = PathFinding5.vsmdi
		PathFinding6.vsmdi = PathFinding6.vsmdi
		PathFinding7.vsmdi = PathFinding7.vsmdi
		PathFinding8.vsmdi = PathFinding8.vsmdi
		PathFinding9.vsmdi = PathFinding9.vsmdi
	EndProjectSection
EndProject
Global
	GlobalSection(TestCaseManagementSettings) = postSolution
		CategoryFile = PathFinding12.vsmdi
	EndGlobalSection
	GlobalSection(SolutionConfigurationPlatforms) = preSolution
		Debug|Any CPU = Debug|Any CPU
		Release|Any CPU = Release|Any CPU
	EndGlobalSection
	GlobalSection(ProjectConfigurationPlatforms) = postSolution
		{A26FF93B-C7DC-42C2-8B3F-80ECBE3DE3F0}.Debug|Any CPU.ActiveCfg = Debug|Any CPU
		{A26FF93B-C7DC-42C2-8B3F-80ECBE3DE3F0}.Debug|Any CPU.Build.0 = Debug|Any CPU
		{A26FF93B-C7DC-42C2-8B3F-80ECBE3DE3F0}.Release|Any CPU.ActiveCfg = Release|Any CPU
		{A26FF93B-C7DC-42C2-8B3F-80ECBE3DE3F0}.Release|Any CPU.Build.0 = Release|Any CPU
		{BECAED0D-3F1C-4733-8E96-5A528E223C5C}.Debug|Any CPU.ActiveCfg = Debug|Any CPU
		{BECAED0D-3F1C-4733-8E96-5A528E223C5C}.Debug|Any CPU.Build.0 = Debug|Any CPU
		{BECAED0D-3F1C-4733-8E96-5A528E223C5C}.Release|Any CPU.ActiveCfg = Release|Any CPU
		{BECAED0D-3F1C-4733-8E96-5A528E223C5C}.Release|Any CPU.Build.0 = Release|Any CPU
	EndGlobalSection
	GlobalSection(SolutionProperties) = preSolution
		HideSolutionNode = FALSE
	EndGlobalSection
EndGlobal
