
Microsoft Visual Studio Solution File, Format Version 10.00
# Visual Studio 2008
Project("{FAE04EC0-301F-11D3-BF4B-00C04F79EFBC}") = "Host", "Host\Host.csproj", "{1F7EF6A6-31FE-40AD-8034-EC875D60CBA7}"
EndProject
Global
	GlobalSection(SolutionConfigurationPlatforms) = preSolution
		Debug|Any CPU = Debug|Any CPU
		Release|Any CPU = Release|Any CPU
	EndGlobalSection
	GlobalSection(ProjectConfigurationPlatforms) = postSolution
		{1F7EF6A6-31FE-40AD-8034-EC875D60CBA7}.Debug|Any CPU.ActiveCfg = Debug|Any CPU
		{1F7EF6A6-31FE-40AD-8034-EC875D60CBA7}.Debug|Any CPU.Build.0 = Debug|Any CPU
		{1F7EF6A6-31FE-40AD-8034-EC875D60CBA7}.Release|Any CPU.ActiveCfg = Release|Any CPU
		{1F7EF6A6-31FE-40AD-8034-EC875D60CBA7}.Release|Any CPU.Build.0 = Release|Any CPU
	EndGlobalSection
	GlobalSection(SolutionProperties) = preSolution
		HideSolutionNode = FALSE
	EndGlobalSection
EndGlobal
