
Microsoft Visual Studio Solution File, Format Version 10.00
# Visual Studio 2008
Project("{FAE04EC0-301F-11D3-BF4B-00C04F79EFBC}") = "See3PO", "Host\See3PO.csproj", "{1F7EF6A6-31FE-40AD-8034-EC875D60CBA7}"
EndProject
Project("{FAE04EC0-301F-11D3-BF4B-00C04F79EFBC}") = "See3POTest", "See3POTest\See3POTest.csproj", "{2FD88CB3-2734-4D6B-9A83-14F5F4F20C99}"
EndProject
Project("{2150E333-8FDC-42A3-9474-1A3956D46DE8}") = "Solution Items", "Solution Items", "{7610CF12-9745-407A-8F07-D4C6637278DF}"
	ProjectSection(SolutionItems) = preProject
		LocalTestRun.testrunconfig = LocalTestRun.testrunconfig
		See3PO.vsmdi = See3PO.vsmdi
		See3PO1.vsmdi = See3PO1.vsmdi
	EndProjectSection
EndProject
Global
	GlobalSection(TestCaseManagementSettings) = postSolution
		CategoryFile = See3PO1.vsmdi
	EndGlobalSection
	GlobalSection(SolutionConfigurationPlatforms) = preSolution
		Debug|Any CPU = Debug|Any CPU
		Release|Any CPU = Release|Any CPU
	EndGlobalSection
	GlobalSection(ProjectConfigurationPlatforms) = postSolution
		{1F7EF6A6-31FE-40AD-8034-EC875D60CBA7}.Debug|Any CPU.ActiveCfg = Debug|Any CPU
		{1F7EF6A6-31FE-40AD-8034-EC875D60CBA7}.Debug|Any CPU.Build.0 = Debug|Any CPU
		{1F7EF6A6-31FE-40AD-8034-EC875D60CBA7}.Release|Any CPU.ActiveCfg = Release|Any CPU
		{1F7EF6A6-31FE-40AD-8034-EC875D60CBA7}.Release|Any CPU.Build.0 = Release|Any CPU
		{2FD88CB3-2734-4D6B-9A83-14F5F4F20C99}.Debug|Any CPU.ActiveCfg = Debug|Any CPU
		{2FD88CB3-2734-4D6B-9A83-14F5F4F20C99}.Debug|Any CPU.Build.0 = Debug|Any CPU
		{2FD88CB3-2734-4D6B-9A83-14F5F4F20C99}.Release|Any CPU.ActiveCfg = Release|Any CPU
		{2FD88CB3-2734-4D6B-9A83-14F5F4F20C99}.Release|Any CPU.Build.0 = Release|Any CPU
	EndGlobalSection
	GlobalSection(SolutionProperties) = preSolution
		HideSolutionNode = FALSE
	EndGlobalSection
EndGlobal
