
Microsoft Visual Studio Solution File, Format Version 10.00
# Visual Studio 2008
Project("{FAE04EC0-301F-11D3-BF4B-00C04F79EFBC}") = "LocalBrain", "LocalBrain.csproj", "{D863733E-D2CE-46BA-9D92-D56404E184FE}"
EndProject
Global
	GlobalSection(SolutionConfigurationPlatforms) = preSolution
		Debug|Any CPU = Debug|Any CPU
		Release|Any CPU = Release|Any CPU
	EndGlobalSection
	GlobalSection(ProjectConfigurationPlatforms) = postSolution
		{D863733E-D2CE-46BA-9D92-D56404E184FE}.Debug|Any CPU.ActiveCfg = Debug|Any CPU
		{D863733E-D2CE-46BA-9D92-D56404E184FE}.Debug|Any CPU.Build.0 = Debug|Any CPU
		{D863733E-D2CE-46BA-9D92-D56404E184FE}.Debug|Any CPU.Deploy.0 = Debug|Any CPU
		{D863733E-D2CE-46BA-9D92-D56404E184FE}.Release|Any CPU.ActiveCfg = Release|Any CPU
		{D863733E-D2CE-46BA-9D92-D56404E184FE}.Release|Any CPU.Build.0 = Release|Any CPU
		{D863733E-D2CE-46BA-9D92-D56404E184FE}.Release|Any CPU.Deploy.0 = Release|Any CPU
	EndGlobalSection
	GlobalSection(SolutionProperties) = preSolution
		HideSolutionNode = FALSE
	EndGlobalSection
EndGlobal
